
Microsoft Visual Studio Solution File, Format Version 12.00
# Visual Studio 15
VisualStudioVersion = 15.0.28307.489
MinimumVisualStudioVersion = 10.0.40219.1
Project("{FAE04EC0-301F-11D3-BF4B-00C04F79EFBC}") = "ViewClasses", "ViewClasses.csproj", "{B53460A9-8E83-46EB-B223-F0259A77C0F2}"
EndProject
Global
	GlobalSection(SolutionConfigurationPlatforms) = preSolution
		Debug|Any CPU = Debug|Any CPU
		Release|Any CPU = Release|Any CPU
	EndGlobalSection
	GlobalSection(ProjectConfigurationPlatforms) = postSolution
		{B53460A9-8E83-46EB-B223-F0259A77C0F2}.Debug|Any CPU.ActiveCfg = Debug|Any CPU
		{B53460A9-8E83-46EB-B223-F0259A77C0F2}.Debug|Any CPU.Build.0 = Debug|Any CPU
		{B53460A9-8E83-46EB-B223-F0259A77C0F2}.Release|Any CPU.ActiveCfg = Release|Any CPU
		{B53460A9-8E83-46EB-B223-F0259A77C0F2}.Release|Any CPU.Build.0 = Release|Any CPU
	EndGlobalSection
	GlobalSection(SolutionProperties) = preSolution
		HideSolutionNode = FALSE
	EndGlobalSection
	GlobalSection(ExtensibilityGlobals) = postSolution
		SolutionGuid = {A19564CC-0F01-4B6F-A482-4FC001D7C1DE}
	EndGlobalSection
EndGlobal
