
Microsoft Visual Studio Solution File, Format Version 12.00
# Visual Studio 15
VisualStudioVersion = 15.0.28307.421
MinimumVisualStudioVersion = 10.0.40219.1
Project("{FAE04EC0-301F-11D3-BF4B-00C04F79EFBC}") = "Filters_Example", "Filters_Example\Filters_Example.csproj", "{0668D696-EA57-4EFC-8F1E-9FBE8846B340}"
EndProject
Global
	GlobalSection(SolutionConfigurationPlatforms) = preSolution
		Debug|Any CPU = Debug|Any CPU
		Release|Any CPU = Release|Any CPU
	EndGlobalSection
	GlobalSection(ProjectConfigurationPlatforms) = postSolution
		{0668D696-EA57-4EFC-8F1E-9FBE8846B340}.Debug|Any CPU.ActiveCfg = Debug|Any CPU
		{0668D696-EA57-4EFC-8F1E-9FBE8846B340}.Debug|Any CPU.Build.0 = Debug|Any CPU
		{0668D696-EA57-4EFC-8F1E-9FBE8846B340}.Release|Any CPU.ActiveCfg = Release|Any CPU
		{0668D696-EA57-4EFC-8F1E-9FBE8846B340}.Release|Any CPU.Build.0 = Release|Any CPU
	EndGlobalSection
	GlobalSection(SolutionProperties) = preSolution
		HideSolutionNode = FALSE
	EndGlobalSection
	GlobalSection(ExtensibilityGlobals) = postSolution
		SolutionGuid = {99C8FFE6-16E4-4497-ADC6-B6794AEB6C8D}
	EndGlobalSection
EndGlobal
